
Microsoft Visual Studio Solution File, Format Version 12.00
# Visual Studio Version 16
VisualStudioVersion = 16.0.30804.86
MinimumVisualStudioVersion = 10.0.40219.1
Project("{9A19103F-16F7-4668-BE54-9A1E7A4F7556}") = "API", "trunk\API\API.csproj", "{28D7C3E9-67A0-4F8D-BFCD-AEBA040C8F83}"
EndProject
Project("{9A19103F-16F7-4668-BE54-9A1E7A4F7556}") = "BusinessLogic", "trunk\BusinessLogic\BusinessLogic.csproj", "{0F1FE38B-0106-4199-9D14-9F6FA2989F85}"
EndProject
Project("{9A19103F-16F7-4668-BE54-9A1E7A4F7556}") = "BusinessModel", "trunk\BusinessModel\BusinessModel.csproj", "{956E907F-C59A-4E74-A87F-E39C95BFF0AB}"
EndProject
Project("{9A19103F-16F7-4668-BE54-9A1E7A4F7556}") = "Common", "trunk\Common\Common.csproj", "{6D00D7E4-4B26-4D28-860E-4DF849F0DC76}"
EndProject
Project("{9A19103F-16F7-4668-BE54-9A1E7A4F7556}") = "Tests", "trunk\Tests\Tests.csproj", "{470FD8BD-BF69-43D6-BAFD-E241CBBF19E8}"
EndProject
Global
	GlobalSection(SolutionConfigurationPlatforms) = preSolution
		Debug|Any CPU = Debug|Any CPU
		Release|Any CPU = Release|Any CPU
	EndGlobalSection
	GlobalSection(ProjectConfigurationPlatforms) = postSolution
		{28D7C3E9-67A0-4F8D-BFCD-AEBA040C8F83}.Debug|Any CPU.ActiveCfg = Debug|Any CPU
		{28D7C3E9-67A0-4F8D-BFCD-AEBA040C8F83}.Debug|Any CPU.Build.0 = Debug|Any CPU
		{28D7C3E9-67A0-4F8D-BFCD-AEBA040C8F83}.Release|Any CPU.ActiveCfg = Release|Any CPU
		{28D7C3E9-67A0-4F8D-BFCD-AEBA040C8F83}.Release|Any CPU.Build.0 = Release|Any CPU
		{0F1FE38B-0106-4199-9D14-9F6FA2989F85}.Debug|Any CPU.ActiveCfg = Debug|Any CPU
		{0F1FE38B-0106-4199-9D14-9F6FA2989F85}.Debug|Any CPU.Build.0 = Debug|Any CPU
		{0F1FE38B-0106-4199-9D14-9F6FA2989F85}.Release|Any CPU.ActiveCfg = Release|Any CPU
		{0F1FE38B-0106-4199-9D14-9F6FA2989F85}.Release|Any CPU.Build.0 = Release|Any CPU
		{956E907F-C59A-4E74-A87F-E39C95BFF0AB}.Debug|Any CPU.ActiveCfg = Debug|Any CPU
		{956E907F-C59A-4E74-A87F-E39C95BFF0AB}.Debug|Any CPU.Build.0 = Debug|Any CPU
		{956E907F-C59A-4E74-A87F-E39C95BFF0AB}.Release|Any CPU.ActiveCfg = Release|Any CPU
		{956E907F-C59A-4E74-A87F-E39C95BFF0AB}.Release|Any CPU.Build.0 = Release|Any CPU
		{6D00D7E4-4B26-4D28-860E-4DF849F0DC76}.Debug|Any CPU.ActiveCfg = Debug|Any CPU
		{6D00D7E4-4B26-4D28-860E-4DF849F0DC76}.Debug|Any CPU.Build.0 = Debug|Any CPU
		{6D00D7E4-4B26-4D28-860E-4DF849F0DC76}.Release|Any CPU.ActiveCfg = Release|Any CPU
		{6D00D7E4-4B26-4D28-860E-4DF849F0DC76}.Release|Any CPU.Build.0 = Release|Any CPU
		{470FD8BD-BF69-43D6-BAFD-E241CBBF19E8}.Debug|Any CPU.ActiveCfg = Debug|Any CPU
		{470FD8BD-BF69-43D6-BAFD-E241CBBF19E8}.Debug|Any CPU.Build.0 = Debug|Any CPU
		{470FD8BD-BF69-43D6-BAFD-E241CBBF19E8}.Release|Any CPU.ActiveCfg = Release|Any CPU
		{470FD8BD-BF69-43D6-BAFD-E241CBBF19E8}.Release|Any CPU.Build.0 = Release|Any CPU
	EndGlobalSection
	GlobalSection(SolutionProperties) = preSolution
		HideSolutionNode = FALSE
	EndGlobalSection
	GlobalSection(ExtensibilityGlobals) = postSolution
		SolutionGuid = {B40F3B08-BF4B-4B74-9D9C-D306EA6CD076}
	EndGlobalSection
EndGlobal
